
Microsoft Visual Studio Solution File, Format Version 12.00
# Visual Studio Version 16
VisualStudioVersion = 16.0.33214.272
MinimumVisualStudioVersion = 10.0.40219.1
Project("{FAE04EC0-301F-11D3-BF4B-00C04F79EFBC}") = "prakt2", "prakt2.csproj", "{F3206D51-6FBA-4233-8BCD-9D33B8F4CB70}"
EndProject
Global
	GlobalSection(SolutionConfigurationPlatforms) = preSolution
		Debug|Any CPU = Debug|Any CPU
		Release|Any CPU = Release|Any CPU
	EndGlobalSection
	GlobalSection(ProjectConfigurationPlatforms) = postSolution
		{F3206D51-6FBA-4233-8BCD-9D33B8F4CB70}.Debug|Any CPU.ActiveCfg = Debug|Any CPU
		{F3206D51-6FBA-4233-8BCD-9D33B8F4CB70}.Debug|Any CPU.Build.0 = Debug|Any CPU
		{F3206D51-6FBA-4233-8BCD-9D33B8F4CB70}.Release|Any CPU.ActiveCfg = Release|Any CPU
		{F3206D51-6FBA-4233-8BCD-9D33B8F4CB70}.Release|Any CPU.Build.0 = Release|Any CPU
	EndGlobalSection
	GlobalSection(SolutionProperties) = preSolution
		HideSolutionNode = FALSE
	EndGlobalSection
	GlobalSection(ExtensibilityGlobals) = postSolution
		SolutionGuid = {A291F00C-5B9E-4FC8-A56E-747B1DA1A856}
	EndGlobalSection
EndGlobal
